<?xml version="1.0" encoding="utf-8"?>
<Project ToolsVersion="4.0" xmlns="http://schemas.microsoft.com/developer/msbuild/2003">
  <ItemGroup>
    <ClCompile Include="City.cpp">
      <Filter>Source</Filter>
    </ClCompile>
    <ClCompile Include="Driver.cpp">
      <Filter>Source</Filter>
    </ClCompile>
    <ClCompile Include="GameBoard.cpp">
      <Filter>Source</Filter>
    </ClCompile>
    <ClCompile Include="Map.cpp">
      <Filter>Source</Filter>
    </ClCompile>
    <ClCompile Include="Observer.cpp">
      <Filter>Source</Filter>
    </ClCompile>
    <ClCompile Include="OverviewCard.cpp">
      <Filter>Source</Filter>
    </ClCompile>
    <ClCompile Include="PhaseObserver.cpp">
      <Filter>Source</Filter>
    </ClCompile>
    <ClCompile Include="Player.cpp">
      <Filter>Source</Filter>
    </ClCompile>
    <ClCompile Include="PowerPlant.cpp">
      <Filter>Source</Filter>
    </ClCompile>
    <ClCompile Include="StepSingleton.cpp">
      <Filter>Source</Filter>
    </ClCompile>
    <ClCompile Include="GameStatObserver.cpp">
      <Filter>Source</Filter>
    </ClCompile>
    <ClCompile Include="Subject.cpp">
      <Filter>Source</Filter>
    </ClCompile>
  </ItemGroup>
  <ItemGroup>
    <ClInclude Include="GameBoard.h">
      <Filter>Header</Filter>
    </ClInclude>
    <ClInclude Include="Map.h">
      <Filter>Header</Filter>
    </ClInclude>
    <ClInclude Include="Observer.h">
      <Filter>Header</Filter>
    </ClInclude>
    <ClInclude Include="OverviewCard.h">
      <Filter>Header</Filter>
    </ClInclude>
    <ClInclude Include="Player.h">
      <Filter>Header</Filter>
    </ClInclude>
    <ClInclude Include="StepSingleton.h">
      <Filter>Header</Filter>
    </ClInclude>
    <ClInclude Include="PowerPlant.h">
      <Filter>Header</Filter>
    </ClInclude>
    <ClInclude Include="PhaseObserver.h">
      <Filter>Header</Filter>
    </ClInclude>
    <ClInclude Include="Subject.h">
      <Filter>Header</Filter>
    </ClInclude>
    <ClInclude Include="City.h">
      <Filter>Header</Filter>
    </ClInclude>
    <ClInclude Include="Observer.h">
      <Filter>Header Files</Filter>
    </ClInclude>
    <ClInclude Include="PhaseObserver.h">
      <Filter>Header Files</Filter>
    </ClInclude>
    <ClInclude Include="Subject.h">
      <Filter>Header Files</Filter>
    </ClInclude>
    <ClInclude Include="GameStatObserver.h">
      <Filter>Header</Filter>
    </ClInclude>
    <ClInclude Include="Strategy.cpp">
      <Filter>Source</Filter>
    </ClInclude>
  </ItemGroup>
  <ItemGroup>
    <ClCompile Include="Player.cpp">
      <Filter>Source Files</Filter>
    </ClCompile>
    <ClCompile Include="Driver.cpp">
      <Filter>Source Files</Filter>
    </ClCompile>
    <ClCompile Include="Map.cpp">
      <Filter>Source Files</Filter>
    </ClCompile>
    <ClCompile Include="City.cpp">
      <Filter>Source Files</Filter>
    </ClCompile>
    <ClCompile Include="PowerPlant.cpp">
      <Filter>Source Files</Filter>
    </ClCompile>
    <ClCompile Include="GameBoard.cpp">
      <Filter>Source Files</Filter>
    </ClCompile>
    <ClCompile Include="OverviewCard.cpp">
      <Filter>Source Files</Filter>
    </ClCompile>
    <ClCompile Include="Observer.cpp">
      <Filter>Source Files</Filter>
    </ClCompile>
    <ClCompile Include="PhaseObserver.cpp">
      <Filter>Source Files</Filter>
    </ClCompile>
    <ClCompile Include="Subject.cpp">
      <Filter>Source Files</Filter>
    </ClCompile>
    <Text Include="data.txt" />
  </ItemGroup>
  <ItemGroup>
    <Filter Include="Header">
      <UniqueIdentifier>{b900b650-e4c7-4646-b777-1015b3fc2c31}</UniqueIdentifier>
    </Filter>
    <Filter Include="Source">
      <UniqueIdentifier>{cf5542f8-7b77-4fa4-90ea-24d9ba14510e}</UniqueIdentifier>
    </Filter>
  </ItemGroup>
</Project>